
Microsoft Visual Studio Solution File, Format Version 12.00
# Visual Studio Version 17
VisualStudioVersion = 17.14.36518.9 d17.14
MinimumVisualStudioVersion = 10.0.40219.1
Project("{FAE04EC0-301F-11D3-BF4B-00C04F79EFBC}") = "games", "games\games.csproj", "{4369637E-1BC7-48EB-BC14-03DC1E6FF435}"
EndProject
Global
	GlobalSection(SolutionConfigurationPlatforms) = preSolution
		Debug|Any CPU = Debug|Any CPU
		Release|Any CPU = Release|Any CPU
	EndGlobalSection
	GlobalSection(ProjectConfigurationPlatforms) = postSolution
		{4369637E-1BC7-48EB-BC14-03DC1E6FF435}.Debug|Any CPU.ActiveCfg = Debug|Any CPU
		{4369637E-1BC7-48EB-BC14-03DC1E6FF435}.Debug|Any CPU.Build.0 = Debug|Any CPU
		{4369637E-1BC7-48EB-BC14-03DC1E6FF435}.Release|Any CPU.ActiveCfg = Release|Any CPU
		{4369637E-1BC7-48EB-BC14-03DC1E6FF435}.Release|Any CPU.Build.0 = Release|Any CPU
	EndGlobalSection
	GlobalSection(SolutionProperties) = preSolution
		HideSolutionNode = FALSE
	EndGlobalSection
	GlobalSection(ExtensibilityGlobals) = postSolution
		SolutionGuid = {B48E87B4-2CFA-4742-AAD5-8F858AA7C581}
	EndGlobalSection
EndGlobal
